
Microsoft Visual Studio Solution File, Format Version 12.00
# Visual Studio Version 17
VisualStudioVersion = 17.3.32922.545
MinimumVisualStudioVersion = 10.0.40219.1
Project("{FAE04EC0-301F-11D3-BF4B-00C04F79EFBC}") = "Costea_Maria_ClaudiaBakeryShop", "Costea_Maria_ClaudiaBakeryShop.csproj", "{8E714A22-C662-4F66-B6DA-B8DED64063AC}"
EndProject
Global
	GlobalSection(SolutionConfigurationPlatforms) = preSolution
		Debug|Any CPU = Debug|Any CPU
		Release|Any CPU = Release|Any CPU
	EndGlobalSection
	GlobalSection(ProjectConfigurationPlatforms) = postSolution
		{8E714A22-C662-4F66-B6DA-B8DED64063AC}.Debug|Any CPU.ActiveCfg = Debug|Any CPU
		{8E714A22-C662-4F66-B6DA-B8DED64063AC}.Debug|Any CPU.Build.0 = Debug|Any CPU
		{8E714A22-C662-4F66-B6DA-B8DED64063AC}.Release|Any CPU.ActiveCfg = Release|Any CPU
		{8E714A22-C662-4F66-B6DA-B8DED64063AC}.Release|Any CPU.Build.0 = Release|Any CPU
	EndGlobalSection
	GlobalSection(SolutionProperties) = preSolution
		HideSolutionNode = FALSE
	EndGlobalSection
	GlobalSection(ExtensibilityGlobals) = postSolution
		SolutionGuid = {A184C2B3-8289-48A5-94BC-7E61337AF5E1}
	EndGlobalSection
EndGlobal
